
Microsoft Visual Studio Solution File, Format Version 12.00
# Visual Studio Version 17
VisualStudioVersion = 17.9.34622.214
MinimumVisualStudioVersion = 10.0.40219.1
Project("{FAE04EC0-301F-11D3-BF4B-00C04F79EFBC}") = "bookShop", "bookShop.csproj", "{D30261CB-50AA-4672-A1DC-CB343B1B55AC}"
EndProject
Global
	GlobalSection(SolutionConfigurationPlatforms) = preSolution
		Debug|Any CPU = Debug|Any CPU
		Release|Any CPU = Release|Any CPU
	EndGlobalSection
	GlobalSection(ProjectConfigurationPlatforms) = postSolution
		{D30261CB-50AA-4672-A1DC-CB343B1B55AC}.Debug|Any CPU.ActiveCfg = Debug|Any CPU
		{D30261CB-50AA-4672-A1DC-CB343B1B55AC}.Debug|Any CPU.Build.0 = Debug|Any CPU
		{D30261CB-50AA-4672-A1DC-CB343B1B55AC}.Release|Any CPU.ActiveCfg = Release|Any CPU
		{D30261CB-50AA-4672-A1DC-CB343B1B55AC}.Release|Any CPU.Build.0 = Release|Any CPU
	EndGlobalSection
	GlobalSection(SolutionProperties) = preSolution
		HideSolutionNode = FALSE
	EndGlobalSection
	GlobalSection(ExtensibilityGlobals) = postSolution
		SolutionGuid = {2D7AA07B-A5A8-4888-AA01-FB2E0C662994}
	EndGlobalSection
EndGlobal
